
Microsoft Visual Studio Solution File, Format Version 12.00
# Visual Studio 15
VisualStudioVersion = 15.0.28307.102
MinimumVisualStudioVersion = 10.0.40219.1
Project("{FAE04EC0-301F-11D3-BF4B-00C04F79EFBC}") = "DockerYoutubeDL", "DockerYoutubeDL\DockerYoutubeDL.csproj", "{6F7FC6B1-B329-4230-8E09-2130CA8ED024}"
EndProject
Global
	GlobalSection(SolutionConfigurationPlatforms) = preSolution
		Debug|Any CPU = Debug|Any CPU
		Release|Any CPU = Release|Any CPU
	EndGlobalSection
	GlobalSection(ProjectConfigurationPlatforms) = postSolution
		{6F7FC6B1-B329-4230-8E09-2130CA8ED024}.Debug|Any CPU.ActiveCfg = Debug|Any CPU
		{6F7FC6B1-B329-4230-8E09-2130CA8ED024}.Debug|Any CPU.Build.0 = Debug|Any CPU
		{6F7FC6B1-B329-4230-8E09-2130CA8ED024}.Release|Any CPU.ActiveCfg = Release|Any CPU
		{6F7FC6B1-B329-4230-8E09-2130CA8ED024}.Release|Any CPU.Build.0 = Release|Any CPU
	EndGlobalSection
	GlobalSection(SolutionProperties) = preSolution
		HideSolutionNode = FALSE
	EndGlobalSection
	GlobalSection(ExtensibilityGlobals) = postSolution
		SolutionGuid = {07FAF612-4095-424B-B376-ADB63AB11EFB}
	EndGlobalSection
EndGlobal
